
Microsoft Visual Studio Solution File, Format Version 12.00
# Visual Studio 14
VisualStudioVersion = 14.0.25420.1
MinimumVisualStudioVersion = 10.0.40219.1
Project("{FAE04EC0-301F-11D3-BF4B-00C04F79EFBC}") = "World", "World\World.csproj", "{E840F951-E0D6-4782-832E-E2E2EBA2C48B}"
EndProject
Project("{FAE04EC0-301F-11D3-BF4B-00C04F79EFBC}") = "Tests", "Tests\Tests.csproj", "{7713572D-5194-4B42-9D4A-2D09D118F69F}"
EndProject
Project("{FAE04EC0-301F-11D3-BF4B-00C04F79EFBC}") = "BitmapRenderer", "BitmapRenderer\BitmapRenderer.csproj", "{ED4A01BF-CB22-4E61-A276-232EBB4C7EAA}"
EndProject
Project("{FAE04EC0-301F-11D3-BF4B-00C04F79EFBC}") = "Visualizer", "Visualizer\Visualizer.csproj", "{25BB0C32-4D17-4A1B-9963-B4D359132FE6}"
EndProject
Global
	GlobalSection(SolutionConfigurationPlatforms) = preSolution
		Debug|Any CPU = Debug|Any CPU
		Debug|ARM = Debug|ARM
		Debug|x64 = Debug|x64
		Debug|x86 = Debug|x86
		Release|Any CPU = Release|Any CPU
		Release|ARM = Release|ARM
		Release|x64 = Release|x64
		Release|x86 = Release|x86
	EndGlobalSection
	GlobalSection(ProjectConfigurationPlatforms) = postSolution
		{E840F951-E0D6-4782-832E-E2E2EBA2C48B}.Debug|Any CPU.ActiveCfg = Debug|Any CPU
		{E840F951-E0D6-4782-832E-E2E2EBA2C48B}.Debug|Any CPU.Build.0 = Debug|Any CPU
		{E840F951-E0D6-4782-832E-E2E2EBA2C48B}.Debug|ARM.ActiveCfg = Debug|Any CPU
		{E840F951-E0D6-4782-832E-E2E2EBA2C48B}.Debug|ARM.Build.0 = Debug|Any CPU
		{E840F951-E0D6-4782-832E-E2E2EBA2C48B}.Debug|x64.ActiveCfg = Debug|Any CPU
		{E840F951-E0D6-4782-832E-E2E2EBA2C48B}.Debug|x64.Build.0 = Debug|Any CPU
		{E840F951-E0D6-4782-832E-E2E2EBA2C48B}.Debug|x86.ActiveCfg = Debug|Any CPU
		{E840F951-E0D6-4782-832E-E2E2EBA2C48B}.Debug|x86.Build.0 = Debug|Any CPU
		{E840F951-E0D6-4782-832E-E2E2EBA2C48B}.Release|Any CPU.ActiveCfg = Release|Any CPU
		{E840F951-E0D6-4782-832E-E2E2EBA2C48B}.Release|Any CPU.Build.0 = Release|Any CPU
		{E840F951-E0D6-4782-832E-E2E2EBA2C48B}.Release|ARM.ActiveCfg = Release|Any CPU
		{E840F951-E0D6-4782-832E-E2E2EBA2C48B}.Release|ARM.Build.0 = Release|Any CPU
		{E840F951-E0D6-4782-832E-E2E2EBA2C48B}.Release|x64.ActiveCfg = Release|Any CPU
		{E840F951-E0D6-4782-832E-E2E2EBA2C48B}.Release|x64.Build.0 = Release|Any CPU
		{E840F951-E0D6-4782-832E-E2E2EBA2C48B}.Release|x86.ActiveCfg = Release|Any CPU
		{E840F951-E0D6-4782-832E-E2E2EBA2C48B}.Release|x86.Build.0 = Release|Any CPU
		{7713572D-5194-4B42-9D4A-2D09D118F69F}.Debug|Any CPU.ActiveCfg = Debug|Any CPU
		{7713572D-5194-4B42-9D4A-2D09D118F69F}.Debug|Any CPU.Build.0 = Debug|Any CPU
		{7713572D-5194-4B42-9D4A-2D09D118F69F}.Debug|ARM.ActiveCfg = Debug|Any CPU
		{7713572D-5194-4B42-9D4A-2D09D118F69F}.Debug|ARM.Build.0 = Debug|Any CPU
		{7713572D-5194-4B42-9D4A-2D09D118F69F}.Debug|x64.ActiveCfg = Debug|Any CPU
		{7713572D-5194-4B42-9D4A-2D09D118F69F}.Debug|x64.Build.0 = Debug|Any CPU
		{7713572D-5194-4B42-9D4A-2D09D118F69F}.Debug|x86.ActiveCfg = Debug|Any CPU
		{7713572D-5194-4B42-9D4A-2D09D118F69F}.Debug|x86.Build.0 = Debug|Any CPU
		{7713572D-5194-4B42-9D4A-2D09D118F69F}.Release|Any CPU.ActiveCfg = Release|Any CPU
		{7713572D-5194-4B42-9D4A-2D09D118F69F}.Release|Any CPU.Build.0 = Release|Any CPU
		{7713572D-5194-4B42-9D4A-2D09D118F69F}.Release|ARM.ActiveCfg = Release|Any CPU
		{7713572D-5194-4B42-9D4A-2D09D118F69F}.Release|ARM.Build.0 = Release|Any CPU
		{7713572D-5194-4B42-9D4A-2D09D118F69F}.Release|x64.ActiveCfg = Release|Any CPU
		{7713572D-5194-4B42-9D4A-2D09D118F69F}.Release|x64.Build.0 = Release|Any CPU
		{7713572D-5194-4B42-9D4A-2D09D118F69F}.Release|x86.ActiveCfg = Release|Any CPU
		{7713572D-5194-4B42-9D4A-2D09D118F69F}.Release|x86.Build.0 = Release|Any CPU
		{ED4A01BF-CB22-4E61-A276-232EBB4C7EAA}.Debug|Any CPU.ActiveCfg = Debug|Any CPU
		{ED4A01BF-CB22-4E61-A276-232EBB4C7EAA}.Debug|Any CPU.Build.0 = Debug|Any CPU
		{ED4A01BF-CB22-4E61-A276-232EBB4C7EAA}.Debug|ARM.ActiveCfg = Debug|Any CPU
		{ED4A01BF-CB22-4E61-A276-232EBB4C7EAA}.Debug|ARM.Build.0 = Debug|Any CPU
		{ED4A01BF-CB22-4E61-A276-232EBB4C7EAA}.Debug|x64.ActiveCfg = Debug|Any CPU
		{ED4A01BF-CB22-4E61-A276-232EBB4C7EAA}.Debug|x64.Build.0 = Debug|Any CPU
		{ED4A01BF-CB22-4E61-A276-232EBB4C7EAA}.Debug|x86.ActiveCfg = Debug|Any CPU
		{ED4A01BF-CB22-4E61-A276-232EBB4C7EAA}.Debug|x86.Build.0 = Debug|Any CPU
		{ED4A01BF-CB22-4E61-A276-232EBB4C7EAA}.Release|Any CPU.ActiveCfg = Release|Any CPU
		{ED4A01BF-CB22-4E61-A276-232EBB4C7EAA}.Release|Any CPU.Build.0 = Release|Any CPU
		{ED4A01BF-CB22-4E61-A276-232EBB4C7EAA}.Release|ARM.ActiveCfg = Release|Any CPU
		{ED4A01BF-CB22-4E61-A276-232EBB4C7EAA}.Release|ARM.Build.0 = Release|Any CPU
		{ED4A01BF-CB22-4E61-A276-232EBB4C7EAA}.Release|x64.ActiveCfg = Release|Any CPU
		{ED4A01BF-CB22-4E61-A276-232EBB4C7EAA}.Release|x64.Build.0 = Release|Any CPU
		{ED4A01BF-CB22-4E61-A276-232EBB4C7EAA}.Release|x86.ActiveCfg = Release|Any CPU
		{ED4A01BF-CB22-4E61-A276-232EBB4C7EAA}.Release|x86.Build.0 = Release|Any CPU
		{25BB0C32-4D17-4A1B-9963-B4D359132FE6}.Debug|Any CPU.ActiveCfg = Debug|Any CPU
		{25BB0C32-4D17-4A1B-9963-B4D359132FE6}.Debug|Any CPU.Build.0 = Debug|Any CPU
		{25BB0C32-4D17-4A1B-9963-B4D359132FE6}.Debug|ARM.ActiveCfg = Debug|Any CPU
		{25BB0C32-4D17-4A1B-9963-B4D359132FE6}.Debug|ARM.Build.0 = Debug|Any CPU
		{25BB0C32-4D17-4A1B-9963-B4D359132FE6}.Debug|x64.ActiveCfg = Debug|Any CPU
		{25BB0C32-4D17-4A1B-9963-B4D359132FE6}.Debug|x64.Build.0 = Debug|Any CPU
		{25BB0C32-4D17-4A1B-9963-B4D359132FE6}.Debug|x86.ActiveCfg = Debug|Any CPU
		{25BB0C32-4D17-4A1B-9963-B4D359132FE6}.Debug|x86.Build.0 = Debug|Any CPU
		{25BB0C32-4D17-4A1B-9963-B4D359132FE6}.Release|Any CPU.ActiveCfg = Release|Any CPU
		{25BB0C32-4D17-4A1B-9963-B4D359132FE6}.Release|Any CPU.Build.0 = Release|Any CPU
		{25BB0C32-4D17-4A1B-9963-B4D359132FE6}.Release|ARM.ActiveCfg = Release|Any CPU
		{25BB0C32-4D17-4A1B-9963-B4D359132FE6}.Release|ARM.Build.0 = Release|Any CPU
		{25BB0C32-4D17-4A1B-9963-B4D359132FE6}.Release|x64.ActiveCfg = Release|Any CPU
		{25BB0C32-4D17-4A1B-9963-B4D359132FE6}.Release|x64.Build.0 = Release|Any CPU
		{25BB0C32-4D17-4A1B-9963-B4D359132FE6}.Release|x86.ActiveCfg = Release|Any CPU
		{25BB0C32-4D17-4A1B-9963-B4D359132FE6}.Release|x86.Build.0 = Release|Any CPU
	EndGlobalSection
	GlobalSection(SolutionProperties) = preSolution
		HideSolutionNode = FALSE
	EndGlobalSection
	GlobalSection(MonoDevelopProperties) = preSolution
		StartupItem = World\World.csproj
	EndGlobalSection
EndGlobal
